<?xml version="1.0" encoding="utf-8"?>
<Project ToolsVersion="4.0" xmlns="http://schemas.microsoft.com/developer/msbuild/2003">
  <ItemGroup>
    <Filter Include="Исходные файлы">
      <UniqueIdentifier>{4FC737F1-C7A5-4376-A066-2A32D752A2FF}</UniqueIdentifier>
      <Extensions>cpp;c;cc;cxx;c++;cppm;ixx;def;odl;idl;hpj;bat;asm;asmx</Extensions>
    </Filter>
    <Filter Include="Файлы заголовков">
      <UniqueIdentifier>{93995380-89BD-4b04-88EB-625FBE52EBFB}</UniqueIdentifier>
      <Extensions>h;hh;hpp;hxx;h++;hm;inl;inc;ipp;xsd</Extensions>
    </Filter>
    <Filter Include="Файлы ресурсов">
      <UniqueIdentifier>{67DA6AB6-F800-4c08-8B7A-83BB121AAD01}</UniqueIdentifier>
      <Extensions>rc;ico;cur;bmp;dlg;rc2;rct;bin;rgs;gif;jpg;jpeg;jpe;resx;tiff;tif;png;wav;mfcribbon-ms</Extensions>
    </Filter>
  </ItemGroup>
  <ItemGroup>
    <ClCompile Include="Orchestra.cpp">
      <Filter>Исходные файлы</Filter>
    </ClCompile>
    <ClCompile Include="Music_instrument.cpp">
      <Filter>Исходные файлы</Filter>
    </ClCompile>
    <ClCompile Include="keyboards.cpp">
      <Filter>Исходные файлы</Filter>
    </ClCompile>
    <ClCompile Include="wind.cpp">
      <Filter>Исходные файлы</Filter>
    </ClCompile>
    <ClCompile Include="stringed.cpp">
      <Filter>Исходные файлы</Filter>
    </ClCompile>
    <ClCompile Include="piano.cpp">
      <Filter>Исходные файлы</Filter>
    </ClCompile>
    <ClCompile Include="synthesizer.cpp">
      <Filter>Исходные файлы</Filter>
    </ClCompile>
    <ClCompile Include="accordion.cpp">
      <Filter>Исходные файлы</Filter>
    </ClCompile>
    <ClCompile Include="guitar.cpp">
      <Filter>Исходные файлы</Filter>
    </ClCompile>
    <ClCompile Include="Violin.cpp">
      <Filter>Исходные файлы</Filter>
    </ClCompile>
    <ClCompile Include="Cello.cpp">
      <Filter>Исходные файлы</Filter>
    </ClCompile>
    <ClCompile Include="flute.cpp">
      <Filter>Исходные файлы</Filter>
    </ClCompile>
    <ClCompile Include="saxophone.cpp">
      <Filter>Исходные файлы</Filter>
    </ClCompile>
    <ClCompile Include="clarinet.cpp">
      <Filter>Исходные файлы</Filter>
    </ClCompile>
    <ClCompile Include="colors.cpp">
      <Filter>Исходные файлы</Filter>
    </ClCompile>
  </ItemGroup>
  <ItemGroup>
    <ClInclude Include="Music_instrument.h">
      <Filter>Файлы заголовков</Filter>
    </ClInclude>
    <ClInclude Include="keyboards.h">
      <Filter>Файлы заголовков</Filter>
    </ClInclude>
    <ClInclude Include="wind.h">
      <Filter>Файлы заголовков</Filter>
    </ClInclude>
    <ClInclude Include="stringed.h">
      <Filter>Файлы заголовков</Filter>
    </ClInclude>
    <ClInclude Include="piano.h">
      <Filter>Файлы заголовков</Filter>
    </ClInclude>
    <ClInclude Include="synthesizer.h">
      <Filter>Файлы заголовков</Filter>
    </ClInclude>
    <ClInclude Include="accordion.h">
      <Filter>Файлы заголовков</Filter>
    </ClInclude>
    <ClInclude Include="guitar.h">
      <Filter>Файлы заголовков</Filter>
    </ClInclude>
    <ClInclude Include="Violin.h">
      <Filter>Файлы заголовков</Filter>
    </ClInclude>
    <ClInclude Include="Cello.h">
      <Filter>Файлы заголовков</Filter>
    </ClInclude>
    <ClInclude Include="flute.h">
      <Filter>Файлы заголовков</Filter>
    </ClInclude>
    <ClInclude Include="saxophone.h">
      <Filter>Файлы заголовков</Filter>
    </ClInclude>
    <ClInclude Include="clarinet.h">
      <Filter>Файлы заголовков</Filter>
    </ClInclude>
    <ClInclude Include="colors.h">
      <Filter>Исходные файлы</Filter>
    </ClInclude>
  </ItemGroup>
  <ItemGroup>
    <None Include="ClassDiagram.cd" />
  </ItemGroup>
</Project>